{
  "name": "homewizard-somfy",
  "version": "0.0.1",
  "lockfileVersion": 1,
  "requires": true,
  "dependencies": {
    "bindings": {
      "version": "1.3.1",
      "resolved": "https://registry.npmjs.org/bindings/-/bindings-1.3.1.tgz",
      "integrity": "sha512-i47mqjF9UbjxJhxGf+pZ6kSxrnI3wBLlnGI2ArWJ4r0VrvDS7ZYXkprq/pLaBWYq4GM0r4zdHY+NNRqEMU7uew=="
    },
    "rpio": {
      "version": "1.0.11",
      "resolved": "https://registry.npmjs.org/rpio/-/rpio-1.0.11.tgz",
      "integrity": "sha512-GRJzxKssu2tp7NZxirMolqvVIVBeuPE078eWdpsgBvKHARSmgZqewlo7F9Ozl/lBYZO0QpnwPq6ZNBRTTMMQng==",
      "requires": {
        "bindings": "1.3.1",
        "nan": "2.11.1"
      },
      "dependencies": {
        "nan": {
          "version": "2.11.1",
          "resolved": "https://registry.npmjs.org/nan/-/nan-2.11.1.tgz",
          "integrity": "sha512-iji6k87OSXa0CcrLl9z+ZiYSuR2o+c0bGuNmXdrhTQTakxytAFsC56SArGYoiHlJlFoHSnvmhpceZJaXkVuOtA=="
        }
      }
    }
  }
}
